
Microsoft Visual Studio Solution File, Format Version 11.00
# Visual Studio 2010
Project("{FAE04EC0-301F-11D3-BF4B-00C04F79EFBC}") = "Assembly-CSharp-firstpass", "Assembly-CSharp-firstpass.csproj", "{bde751e2-dae9-9ca2-c80a-166142d452c3}"
EndProject
Project("{FAE04EC0-301F-11D3-BF4B-00C04F79EFBC}") = "Assembly-CSharp", "Assembly-CSharp.csproj", "{6ade9ca4-c96d-f209-afb8-84e599edc011}"
EndProject
Project("{FAE04EC0-301F-11D3-BF4B-00C04F79EFBC}") = "Assembly-CSharp-Editor-firstpass", "Assembly-CSharp-Editor-firstpass.csproj", "{fcbd9822-fa1c-b01e-5feb-a9b40532eb90}"
EndProject
Project("{FAE04EC0-301F-11D3-BF4B-00C04F79EFBC}") = "Assembly-CSharp-Editor", "Assembly-CSharp-Editor.csproj", "{e3945036-43ad-ae80-63fa-1de70ca79f5f}"
EndProject
Global
	GlobalSection(SolutionConfigurationPlatforms) = preSolution
		Debug|Any CPU = Debug|Any CPU
	EndGlobalSection
	GlobalSection(ProjectConfigurationPlatforms) = postSolution
		{bde751e2-dae9-9ca2-c80a-166142d452c3}.Debug|Any CPU.ActiveCfg = Debug|Any CPU
		{bde751e2-dae9-9ca2-c80a-166142d452c3}.Debug|Any CPU.Build.0 = Debug|Any CPU
		{6ade9ca4-c96d-f209-afb8-84e599edc011}.Debug|Any CPU.ActiveCfg = Debug|Any CPU
		{6ade9ca4-c96d-f209-afb8-84e599edc011}.Debug|Any CPU.Build.0 = Debug|Any CPU
		{fcbd9822-fa1c-b01e-5feb-a9b40532eb90}.Debug|Any CPU.ActiveCfg = Debug|Any CPU
		{fcbd9822-fa1c-b01e-5feb-a9b40532eb90}.Debug|Any CPU.Build.0 = Debug|Any CPU
		{e3945036-43ad-ae80-63fa-1de70ca79f5f}.Debug|Any CPU.ActiveCfg = Debug|Any CPU
		{e3945036-43ad-ae80-63fa-1de70ca79f5f}.Debug|Any CPU.Build.0 = Debug|Any CPU
	EndGlobalSection
	GlobalSection(SolutionProperties) = preSolution
		HideSolutionNode = FALSE
	EndGlobalSection
EndGlobal
